
Microsoft Visual Studio Solution File, Format Version 12.00
# Visual Studio Version 16
VisualStudioVersion = 16.0.31424.327
MinimumVisualStudioVersion = 10.0.40219.1
Project("{FAE04EC0-301F-11D3-BF4B-00C04F79EFBC}") = "Dz 3.1", "Dz 3.1\Dz 3.1.csproj", "{DC302B1E-9518-4ACB-A1B8-59BDCC461E0C}"
EndProject
Global
	GlobalSection(SolutionConfigurationPlatforms) = preSolution
		Debug|Any CPU = Debug|Any CPU
		Release|Any CPU = Release|Any CPU
	EndGlobalSection
	GlobalSection(ProjectConfigurationPlatforms) = postSolution
		{DC302B1E-9518-4ACB-A1B8-59BDCC461E0C}.Debug|Any CPU.ActiveCfg = Debug|Any CPU
		{DC302B1E-9518-4ACB-A1B8-59BDCC461E0C}.Debug|Any CPU.Build.0 = Debug|Any CPU
		{DC302B1E-9518-4ACB-A1B8-59BDCC461E0C}.Release|Any CPU.ActiveCfg = Release|Any CPU
		{DC302B1E-9518-4ACB-A1B8-59BDCC461E0C}.Release|Any CPU.Build.0 = Release|Any CPU
	EndGlobalSection
	GlobalSection(SolutionProperties) = preSolution
		HideSolutionNode = FALSE
	EndGlobalSection
	GlobalSection(ExtensibilityGlobals) = postSolution
		SolutionGuid = {E425D55E-E963-4BBF-B553-9B7519302014}
	EndGlobalSection
EndGlobal
